
Microsoft Visual Studio Solution File, Format Version 12.00
# Visual Studio Version 16
VisualStudioVersion = 16.0.31321.278
MinimumVisualStudioVersion = 10.0.40219.1
Project("{FAE04EC0-301F-11D3-BF4B-00C04F79EFBC}") = "TrackerLibrary", "TrackerLibrary\TrackerLibrary.csproj", "{45344F3B-EB6A-47BA-A3E5-C2D3948DA882}"
EndProject
Project("{FAE04EC0-301F-11D3-BF4B-00C04F79EFBC}") = "TrackerUI", "TrackerUI\TrackerUI.csproj", "{5E4A2D75-AB9C-4D17-869C-562B8BCB10B5}"
EndProject
Global
	GlobalSection(SolutionConfigurationPlatforms) = preSolution
		Debug|Any CPU = Debug|Any CPU
		Release|Any CPU = Release|Any CPU
	EndGlobalSection
	GlobalSection(ProjectConfigurationPlatforms) = postSolution
		{45344F3B-EB6A-47BA-A3E5-C2D3948DA882}.Debug|Any CPU.ActiveCfg = Debug|Any CPU
		{45344F3B-EB6A-47BA-A3E5-C2D3948DA882}.Debug|Any CPU.Build.0 = Debug|Any CPU
		{45344F3B-EB6A-47BA-A3E5-C2D3948DA882}.Release|Any CPU.ActiveCfg = Release|Any CPU
		{45344F3B-EB6A-47BA-A3E5-C2D3948DA882}.Release|Any CPU.Build.0 = Release|Any CPU
		{5E4A2D75-AB9C-4D17-869C-562B8BCB10B5}.Debug|Any CPU.ActiveCfg = Debug|Any CPU
		{5E4A2D75-AB9C-4D17-869C-562B8BCB10B5}.Debug|Any CPU.Build.0 = Debug|Any CPU
		{5E4A2D75-AB9C-4D17-869C-562B8BCB10B5}.Release|Any CPU.ActiveCfg = Release|Any CPU
		{5E4A2D75-AB9C-4D17-869C-562B8BCB10B5}.Release|Any CPU.Build.0 = Release|Any CPU
	EndGlobalSection
	GlobalSection(SolutionProperties) = preSolution
		HideSolutionNode = FALSE
	EndGlobalSection
	GlobalSection(ExtensibilityGlobals) = postSolution
		SolutionGuid = {7820A436-90BB-430A-B5B2-F17C3856AA81}
	EndGlobalSection
EndGlobal
